
Microsoft Visual Studio Solution File, Format Version 12.00
# Visual Studio 15
VisualStudioVersion = 15.0.28307.1000
MinimumVisualStudioVersion = 10.0.40219.1
Project("{FAE04EC0-301F-11D3-BF4B-00C04F79EFBC}") = "MyComplexWpfLinq", "MyComplexWpfLinq\MyComplexWpfLinq.csproj", "{90B5F9E1-EF03-47D7-B5C8-525C1793DA91}"
EndProject
Global
	GlobalSection(SolutionConfigurationPlatforms) = preSolution
		Debug|Any CPU = Debug|Any CPU
		Release|Any CPU = Release|Any CPU
	EndGlobalSection
	GlobalSection(ProjectConfigurationPlatforms) = postSolution
		{90B5F9E1-EF03-47D7-B5C8-525C1793DA91}.Debug|Any CPU.ActiveCfg = Debug|Any CPU
		{90B5F9E1-EF03-47D7-B5C8-525C1793DA91}.Debug|Any CPU.Build.0 = Debug|Any CPU
		{90B5F9E1-EF03-47D7-B5C8-525C1793DA91}.Release|Any CPU.ActiveCfg = Release|Any CPU
		{90B5F9E1-EF03-47D7-B5C8-525C1793DA91}.Release|Any CPU.Build.0 = Release|Any CPU
	EndGlobalSection
	GlobalSection(SolutionProperties) = preSolution
		HideSolutionNode = FALSE
	EndGlobalSection
	GlobalSection(ExtensibilityGlobals) = postSolution
		SolutionGuid = {0A8119FE-8059-472E-825C-DD78122389D2}
	EndGlobalSection
EndGlobal
